schema: '2.0'
stages:
  clean:
    cmd: python scripts/clean_data.py
    deps:
    - path: data/raw/insurance_data.csv
      hash: md5
      md5: 1846c9c80019e93300c46191738efbe9
      size: 1342065
    - path: scripts/clean_data.py
      hash: md5
      md5: 07f802706665c33844230d15fd66f86e
      size: 2372
    outs:
    - path: data/processed/insurance_data_cleaned.csv
      hash: md5
      md5: 0607964af1bbfbd9142ca56cf681f5dd
      size: 1641584
  enhance:
    cmd: python scripts/create_second_version.py
    deps:
    - path: data/processed/insurance_data_cleaned.csv
      hash: md5
      md5: 0607964af1bbfbd9142ca56cf681f5dd
      size: 1641584
    - path: scripts/create_second_version.py
      hash: md5
      md5: d23f8609e81d29764d83d4d7ee989c1d
      size: 1408
    outs:
    - path: data/processed/insurance_data_enhanced.csv
      hash: md5
      md5: 0715254e2623db58e9fb4078ad59ac14
      size: 2067338
